
Microsoft Visual Studio Solution File, Format Version 12.00
# Visual Studio Version 17
VisualStudioVersion = 17.7.34031.279
MinimumVisualStudioVersion = 10.0.40219.1
Project("{FAE04EC0-301F-11D3-BF4B-00C04F79EFBC}") = "WinFormsApp", "WinFormsApp\WinFormsApp.csproj", "{CE9F0722-BC1B-4A72-A3F3-413F37971FC3}"
EndProject
Project("{9A19103F-16F7-4668-BE54-9A1E7A4F7556}") = "Contracts", "..\MOTO-TOP\Contracts\Contracts.csproj", "{B8BA4FF6-EC83-42F9-9C00-EC92DF25B9F9}"
EndProject
Project("{9A19103F-16F7-4668-BE54-9A1E7A4F7556}") = "Entities", "..\MOTO-TOP\Entities\Entities.csproj", "{C8D00293-4BBF-407A-AD3B-5B09C1574D75}"
EndProject
Global
	GlobalSection(SolutionConfigurationPlatforms) = preSolution
		Debug|Any CPU = Debug|Any CPU
		Release|Any CPU = Release|Any CPU
	EndGlobalSection
	GlobalSection(ProjectConfigurationPlatforms) = postSolution
		{CE9F0722-BC1B-4A72-A3F3-413F37971FC3}.Debug|Any CPU.ActiveCfg = Debug|Any CPU
		{CE9F0722-BC1B-4A72-A3F3-413F37971FC3}.Debug|Any CPU.Build.0 = Debug|Any CPU
		{CE9F0722-BC1B-4A72-A3F3-413F37971FC3}.Release|Any CPU.ActiveCfg = Release|Any CPU
		{CE9F0722-BC1B-4A72-A3F3-413F37971FC3}.Release|Any CPU.Build.0 = Release|Any CPU
		{B8BA4FF6-EC83-42F9-9C00-EC92DF25B9F9}.Debug|Any CPU.ActiveCfg = Debug|Any CPU
		{B8BA4FF6-EC83-42F9-9C00-EC92DF25B9F9}.Debug|Any CPU.Build.0 = Debug|Any CPU
		{B8BA4FF6-EC83-42F9-9C00-EC92DF25B9F9}.Release|Any CPU.ActiveCfg = Release|Any CPU
		{B8BA4FF6-EC83-42F9-9C00-EC92DF25B9F9}.Release|Any CPU.Build.0 = Release|Any CPU
		{C8D00293-4BBF-407A-AD3B-5B09C1574D75}.Debug|Any CPU.ActiveCfg = Debug|Any CPU
		{C8D00293-4BBF-407A-AD3B-5B09C1574D75}.Debug|Any CPU.Build.0 = Debug|Any CPU
		{C8D00293-4BBF-407A-AD3B-5B09C1574D75}.Release|Any CPU.ActiveCfg = Release|Any CPU
		{C8D00293-4BBF-407A-AD3B-5B09C1574D75}.Release|Any CPU.Build.0 = Release|Any CPU
	EndGlobalSection
	GlobalSection(SolutionProperties) = preSolution
		HideSolutionNode = FALSE
	EndGlobalSection
	GlobalSection(ExtensibilityGlobals) = postSolution
		SolutionGuid = {C1167B1A-33BB-4030-A2E7-9706B552D776}
	EndGlobalSection
EndGlobal
