
Microsoft Visual Studio Solution File, Format Version 12.00
# Visual Studio Version 17
VisualStudioVersion = 17.7.34031.279
MinimumVisualStudioVersion = 10.0.40219.1
Project("{9A19103F-16F7-4668-BE54-9A1E7A4F7556}") = "WinFormsApp", "WinFormsApp\WinFormsApp.csproj", "{CE9F0722-BC1B-4A72-A3F3-413F37971FC3}"
EndProject
Project("{9A19103F-16F7-4668-BE54-9A1E7A4F7556}") = "Contracts", "..\MOTO-TOP\Contracts\Contracts.csproj", "{13894024-7352-4323-B820-F4FCD5D29680}"
EndProject
Project("{9A19103F-16F7-4668-BE54-9A1E7A4F7556}") = "Entities", "..\MOTO-TOP\Entities\Entities.csproj", "{A1EC46E5-9CF4-4BA6-9320-81AFBF0B4B13}"
EndProject
Global
	GlobalSection(SolutionConfigurationPlatforms) = preSolution
		Debug|Any CPU = Debug|Any CPU
		Release|Any CPU = Release|Any CPU
	EndGlobalSection
	GlobalSection(ProjectConfigurationPlatforms) = postSolution
		{CE9F0722-BC1B-4A72-A3F3-413F37971FC3}.Debug|Any CPU.ActiveCfg = Debug|Any CPU
		{CE9F0722-BC1B-4A72-A3F3-413F37971FC3}.Debug|Any CPU.Build.0 = Debug|Any CPU
		{CE9F0722-BC1B-4A72-A3F3-413F37971FC3}.Release|Any CPU.ActiveCfg = Release|Any CPU
		{CE9F0722-BC1B-4A72-A3F3-413F37971FC3}.Release|Any CPU.Build.0 = Release|Any CPU
		{13894024-7352-4323-B820-F4FCD5D29680}.Debug|Any CPU.ActiveCfg = Debug|Any CPU
		{13894024-7352-4323-B820-F4FCD5D29680}.Debug|Any CPU.Build.0 = Debug|Any CPU
		{13894024-7352-4323-B820-F4FCD5D29680}.Release|Any CPU.ActiveCfg = Release|Any CPU
		{13894024-7352-4323-B820-F4FCD5D29680}.Release|Any CPU.Build.0 = Release|Any CPU
		{A1EC46E5-9CF4-4BA6-9320-81AFBF0B4B13}.Debug|Any CPU.ActiveCfg = Debug|Any CPU
		{A1EC46E5-9CF4-4BA6-9320-81AFBF0B4B13}.Debug|Any CPU.Build.0 = Debug|Any CPU
		{A1EC46E5-9CF4-4BA6-9320-81AFBF0B4B13}.Release|Any CPU.ActiveCfg = Release|Any CPU
		{A1EC46E5-9CF4-4BA6-9320-81AFBF0B4B13}.Release|Any CPU.Build.0 = Release|Any CPU
	EndGlobalSection
	GlobalSection(SolutionProperties) = preSolution
		HideSolutionNode = FALSE
	EndGlobalSection
	GlobalSection(ExtensibilityGlobals) = postSolution
		SolutionGuid = {C1167B1A-33BB-4030-A2E7-9706B552D776}
	EndGlobalSection
EndGlobal
